
Microsoft Visual Studio Solution File, Format Version 12.00
# Visual Studio 15
VisualStudioVersion = 15.0.28307.852
MinimumVisualStudioVersion = 10.0.40219.1
Project("{8BC9CEB8-8B4A-11D0-8D11-00A0C91BC942}") = "core", "core\core.vcxproj", "{CAC361A8-B54C-4291-8E09-8E75243DE2E5}"
EndProject
Global
	GlobalSection(SolutionConfigurationPlatforms) = preSolution
		Debug|x64 = Debug|x64
		Debug|x86 = Debug|x86
		Release|x64 = Release|x64
		Release|x86 = Release|x86
	EndGlobalSection
	GlobalSection(ProjectConfigurationPlatforms) = postSolution
		{CAC361A8-B54C-4291-8E09-8E75243DE2E5}.Debug|x64.ActiveCfg = Debug|x64
		{CAC361A8-B54C-4291-8E09-8E75243DE2E5}.Debug|x64.Build.0 = Debug|x64
		{CAC361A8-B54C-4291-8E09-8E75243DE2E5}.Debug|x86.ActiveCfg = Debug|Win32
		{CAC361A8-B54C-4291-8E09-8E75243DE2E5}.Debug|x86.Build.0 = Debug|Win32
		{CAC361A8-B54C-4291-8E09-8E75243DE2E5}.Release|x64.ActiveCfg = Release|x64
		{CAC361A8-B54C-4291-8E09-8E75243DE2E5}.Release|x64.Build.0 = Release|x64
		{CAC361A8-B54C-4291-8E09-8E75243DE2E5}.Release|x86.ActiveCfg = Release|Win32
		{CAC361A8-B54C-4291-8E09-8E75243DE2E5}.Release|x86.Build.0 = Release|Win32
	EndGlobalSection
	GlobalSection(SolutionProperties) = preSolution
		HideSolutionNode = FALSE
	EndGlobalSection
	GlobalSection(ExtensibilityGlobals) = postSolution
		SolutionGuid = {AF0D7692-5FE2-4D58-BE6D-BB3C4CD0BDC5}
	EndGlobalSection
EndGlobal
